// !$*UTF8*$!
{
	archiveVersion = 1;
	classes = {
	};
	objectVersion = 48;
	objects = {

/* Begin PBXBuildFile section */
		DE179AF71FB9286600597052 /* AddTransactionViewController.swift in Sources */ = {isa = PBXBuildFile; fileRef = DE179AF61FB9286600597052 /* AddTransactionViewController.swift */; };
		DE179AF91FB9680600597052 /* TableViewCell.swift in Sources */ = {isa = PBXBuildFile; fileRef = DE179AF81FB9680600597052 /* TableViewCell.swift */; };
		DE2F14641FB8F31A001FFF11 /* AppDelegate.swift in Sources */ = {isa = PBXBuildFile; fileRef = DE2F14631FB8F31A001FFF11 /* AppDelegate.swift */; };
		DE2F14691FB8F31A001FFF11 /* Main.storyboard in Resources */ = {isa = PBXBuildFile; fileRef = DE2F14671FB8F31A001FFF11 /* Main.storyboard */; };
		DE2F146B1FB8F31A001FFF11 /* Assets.xcassets in Resources */ = {isa = PBXBuildFile; fileRef = DE2F146A1FB8F31A001FFF11 /* Assets.xcassets */; };
		DE2F146E1FB8F31A001FFF11 /* LaunchScreen.storyboard in Resources */ = {isa = PBXBuildFile; fileRef = DE2F146C1FB8F31A001FFF11 /* LaunchScreen.storyboard */; };
		DE2F14791FB8F31A001FFF11 /* MyBudgetTests.swift in Sources */ = {isa = PBXBuildFile; fileRef = DE2F14781FB8F31A001FFF11 /* MyBudgetTests.swift */; };
		DE2F14841FB8F31A001FFF11 /* MyBudgetUITests.swift in Sources */ = {isa = PBXBuildFile; fileRef = DE2F14831FB8F31A001FFF11 /* MyBudgetUITests.swift */; };
		DE2F14941FB8F3C7001FFF11 /* Transaction.swift in Sources */ = {isa = PBXBuildFile; fileRef = DE2F14931FB8F3C7001FFF11 /* Transaction.swift */; };
		DE4D85C51FB90F5600EEB549 /* TranactionListTableViewController.swift in Sources */ = {isa = PBXBuildFile; fileRef = DE4D85C41FB90F5600EEB549 /* TranactionListTableViewController.swift */; };
		DE6AE2CA1FC648ED009B8409 /* ITransactionManagerSvc.swift in Sources */ = {isa = PBXBuildFile; fileRef = DE6AE2C91FC648ED009B8409 /* ITransactionManagerSvc.swift */; };
		DE6D087C1FDC2AA1008421FD /* CodeDataTest.swift in Sources */ = {isa = PBXBuildFile; fileRef = DE6D087B1FDC2AA1008421FD /* CodeDataTest.swift */; };
		DEB644591FD8B7A7009C7948 /* TransactionDataModel.xcdatamodeld in Sources */ = {isa = PBXBuildFile; fileRef = DEB644571FD8B7A7009C7948 /* TransactionDataModel.xcdatamodeld */; };
		DEB6445C1FD8B8BC009C7948 /* TransactionModel+CoreDataClass.swift in Sources */ = {isa = PBXBuildFile; fileRef = DEB6445A1FD8B8BC009C7948 /* TransactionModel+CoreDataClass.swift */; };
		DEB6445D1FD8B8BC009C7948 /* TransactionModel+CoreDataProperties.swift in Sources */ = {isa = PBXBuildFile; fileRef = DEB6445B1FD8B8BC009C7948 /* TransactionModel+CoreDataProperties.swift */; };
		DEB6445F1FD8B9D4009C7948 /* TransactionSvcCoreData.swift in Sources */ = {isa = PBXBuildFile; fileRef = DEB6445E1FD8B9D4009C7948 /* TransactionSvcCoreData.swift */; };
		DEC43BA91FBF932200DFC163 /* DetailViewController.swift in Sources */ = {isa = PBXBuildFile; fileRef = DEC43BA81FBF932200DFC163 /* DetailViewController.swift */; };
/* End PBXBuildFile section */

/* Begin PBXContainerItemProxy section */
		DE2F14751FB8F31A001FFF11 /* PBXContainerItemProxy */ = {
			isa = PBXContainerItemProxy;
			containerPortal = DE2F14581FB8F319001FFF11 /* Project object */;
			proxyType = 1;
			remoteGlobalIDString = DE2F145F1FB8F31A001FFF11;
			remoteInfo = MyBudget;
		};
		DE2F14801FB8F31A001FFF11 /* PBXContainerItemProxy */ = {
			isa = PBXContainerItemProxy;
			containerPortal = DE2F14581FB8F319001FFF11 /* Project object */;
			proxyType = 1;
			remoteGlobalIDString = DE2F145F1FB8F31A001FFF11;
			remoteInfo = MyBudget;
		};
/* End PBXContainerItemProxy section */

/* Begin PBXFileReference section */
		DE179AF61FB9286600597052 /* AddTransactionViewController.swift */ = {isa = PBXFileReference; lastKnownFileType = sourcecode.swift; path = AddTransactionViewController.swift; sourceTree = "<group>"; };
		DE179AF81FB9680600597052 /* TableViewCell.swift */ = {isa = PBXFileReference; lastKnownFileType = sourcecode.swift; path = TableViewCell.swift; sourceTree = "<group>"; };
		DE2F14601FB8F31A001FFF11 /* MyBudget.app */ = {isa = PBXFileReference; explicitFileType = wrapper.application; includeInIndex = 0; path = MyBudget.app; sourceTree = BUILT_PRODUCTS_DIR; };
		DE2F14631FB8F31A001FFF11 /* AppDelegate.swift */ = {isa = PBXFileReference; lastKnownFileType = sourcecode.swift; path = AppDelegate.swift; sourceTree = "<group>"; };
		DE2F14681FB8F31A001FFF11 /* Base */ = {isa = PBXFileReference; lastKnownFileType = file.storyboard; name = Base; path = Base.lproj/Main.storyboard; sourceTree = "<group>"; };
		DE2F146A1FB8F31A001FFF11 /* Assets.xcassets */ = {isa = PBXFileReference; lastKnownFileType = folder.assetcatalog; path = Assets.xcassets; sourceTree = "<group>"; };
		DE2F146D1FB8F31A001FFF11 /* Base */ = {isa = PBXFileReference; lastKnownFileType = file.storyboard; name = Base; path = Base.lproj/LaunchScreen.storyboard; sourceTree = "<group>"; };
		DE2F146F1FB8F31A001FFF11 /* Info.plist */ = {isa = PBXFileReference; lastKnownFileType = text.plist.xml; path = Info.plist; sourceTree = "<group>"; };
		DE2F14741FB8F31A001FFF11 /* MyBudgetTests.xctest */ = {isa = PBXFileReference; explicitFileType = wrapper.cfbundle; includeInIndex = 0; path = MyBudgetTests.xctest; sourceTree = BUILT_PRODUCTS_DIR; };
		DE2F14781FB8F31A001FFF11 /* MyBudgetTests.swift */ = {isa = PBXFileReference; lastKnownFileType = sourcecode.swift; path = MyBudgetTests.swift; sourceTree = "<group>"; };
		DE2F147A1FB8F31A001FFF11 /* Info.plist */ = {isa = PBXFileReference; lastKnownFileType = text.plist.xml; path = Info.plist; sourceTree = "<group>"; };
		DE2F147F1FB8F31A001FFF11 /* MyBudgetUITests.xctest */ = {isa = PBXFileReference; explicitFileType = wrapper.cfbundle; includeInIndex = 0; path = MyBudgetUITests.xctest; sourceTree = BUILT_PRODUCTS_DIR; };
		DE2F14831FB8F31A001FFF11 /* MyBudgetUITests.swift */ = {isa = PBXFileReference; lastKnownFileType = sourcecode.swift; path = MyBudgetUITests.swift; sourceTree = "<group>"; };
		DE2F14851FB8F31A001FFF11 /* Info.plist */ = {isa = PBXFileReference; lastKnownFileType = text.plist.xml; path = Info.plist; sourceTree = "<group>"; };
		DE2F14931FB8F3C7001FFF11 /* Transaction.swift */ = {isa = PBXFileReference; lastKnownFileType = sourcecode.swift; path = Transaction.swift; sourceTree = "<group>"; };
		DE4D85C41FB90F5600EEB549 /* TranactionListTableViewController.swift */ = {isa = PBXFileReference; lastKnownFileType = sourcecode.swift; path = TranactionListTableViewController.swift; sourceTree = "<group>"; };
		DE5980601FD05E2C001A5CD1 /* libsqlite3.tbd */ = {isa = PBXFileReference; lastKnownFileType = "sourcecode.text-based-dylib-definition"; name = libsqlite3.tbd; path = usr/lib/libsqlite3.tbd; sourceTree = SDKROOT; };
		DE6AE2C91FC648ED009B8409 /* ITransactionManagerSvc.swift */ = {isa = PBXFileReference; lastKnownFileType = sourcecode.swift; path = ITransactionManagerSvc.swift; sourceTree = "<group>"; };
		DE6D087B1FDC2AA1008421FD /* CodeDataTest.swift */ = {isa = PBXFileReference; lastKnownFileType = sourcecode.swift; path = CodeDataTest.swift; sourceTree = "<group>"; };
		DEB644581FD8B7A7009C7948 /* TransactionDataModel.xcdatamodel */ = {isa = PBXFileReference; lastKnownFileType = wrapper.xcdatamodel; path = TransactionDataModel.xcdatamodel; sourceTree = "<group>"; };
		DEB6445A1FD8B8BC009C7948 /* TransactionModel+CoreDataClass.swift */ = {isa = PBXFileReference; lastKnownFileType = sourcecode.swift; path = "TransactionModel+CoreDataClass.swift"; sourceTree = "<group>"; };
		DEB6445B1FD8B8BC009C7948 /* TransactionModel+CoreDataProperties.swift */ = {isa = PBXFileReference; lastKnownFileType = sourcecode.swift; path = "TransactionModel+CoreDataProperties.swift"; sourceTree = "<group>"; };
		DEB6445E1FD8B9D4009C7948 /* TransactionSvcCoreData.swift */ = {isa = PBXFileReference; lastKnownFileType = sourcecode.swift; path = TransactionSvcCoreData.swift; sourceTree = "<group>"; };
		DEC43BA81FBF932200DFC163 /* DetailViewController.swift */ = {isa = PBXFileReference; lastKnownFileType = sourcecode.swift; path = DetailViewController.swift; sourceTree = "<group>"; };
/* End PBXFileReference section */

/* Begin PBXFrameworksBuildPhase section */
		DE2F145D1FB8F31A001FFF11 /* Frameworks */ = {
			isa = PBXFrameworksBuildPhase;
			buildActionMask = 2147483647;
			files = (
			);
			runOnlyForDeploymentPostprocessing = 0;
		};
		DE2F14711FB8F31A001FFF11 /* Frameworks */ = {
			isa = PBXFrameworksBuildPhase;
			buildActionMask = 2147483647;
			files = (
			);
			runOnlyForDeploymentPostprocessing = 0;
		};
		DE2F147C1FB8F31A001FFF11 /* Frameworks */ = {
			isa = PBXFrameworksBuildPhase;
			buildActionMask = 2147483647;
			files = (
			);
			runOnlyForDeploymentPostprocessing = 0;
		};
/* End PBXFrameworksBuildPhase section */

/* Begin PBXGroup section */
		DE179AF41FB9280400597052 /* Transaction List */ = {
			isa = PBXGroup;
			children = (
				DE4D85C41FB90F5600EEB549 /* TranactionListTableViewController.swift */,
				DE179AF81FB9680600597052 /* TableViewCell.swift */,
			);
			path = "Transaction List";
			sourceTree = "<group>";
		};
		DE179AF51FB9282E00597052 /* Add Transaction */ = {
			isa = PBXGroup;
			children = (
				DE179AF61FB9286600597052 /* AddTransactionViewController.swift */,
			);
			path = "Add Transaction";
			sourceTree = "<group>";
		};
		DE2F14571FB8F319001FFF11 = {
			isa = PBXGroup;
			children = (
				DE2F14621FB8F31A001FFF11 /* MyBudget */,
				DE2F14771FB8F31A001FFF11 /* MyBudgetTests */,
				DE2F14821FB8F31A001FFF11 /* MyBudgetUITests */,
				DE2F14611FB8F31A001FFF11 /* Products */,
				DE59805F1FD05E2C001A5CD1 /* Frameworks */,
			);
			sourceTree = "<group>";
		};
		DE2F14611FB8F31A001FFF11 /* Products */ = {
			isa = PBXGroup;
			children = (
				DE2F14601FB8F31A001FFF11 /* MyBudget.app */,
				DE2F14741FB8F31A001FFF11 /* MyBudgetTests.xctest */,
				DE2F147F1FB8F31A001FFF11 /* MyBudgetUITests.xctest */,
			);
			name = Products;
			sourceTree = "<group>";
		};
		DE2F14621FB8F31A001FFF11 /* MyBudget */ = {
			isa = PBXGroup;
			children = (
				DE87089E1FBA6DD300F8D1BB /* View */,
				DE4D85C31FB90F3E00EEB549 /* Controller */,
				DE2F14921FB8F3AD001FFF11 /* Manager */,
				DE2F14911FB8F3A5001FFF11 /* Model */,
				DE2F14631FB8F31A001FFF11 /* AppDelegate.swift */,
				DE2F146A1FB8F31A001FFF11 /* Assets.xcassets */,
				DE2F146C1FB8F31A001FFF11 /* LaunchScreen.storyboard */,
				DE2F146F1FB8F31A001FFF11 /* Info.plist */,
			);
			path = MyBudget;
			sourceTree = "<group>";
		};
		DE2F14771FB8F31A001FFF11 /* MyBudgetTests */ = {
			isa = PBXGroup;
			children = (
				DE2F14781FB8F31A001FFF11 /* MyBudgetTests.swift */,
				DE6D087B1FDC2AA1008421FD /* CodeDataTest.swift */,
				DE2F147A1FB8F31A001FFF11 /* Info.plist */,
			);
			path = MyBudgetTests;
			sourceTree = "<group>";
		};
		DE2F14821FB8F31A001FFF11 /* MyBudgetUITests */ = {
			isa = PBXGroup;
			children = (
				DE2F14831FB8F31A001FFF11 /* MyBudgetUITests.swift */,
				DE2F14851FB8F31A001FFF11 /* Info.plist */,
			);
			path = MyBudgetUITests;
			sourceTree = "<group>";
		};
		DE2F14911FB8F3A5001FFF11 /* Model */ = {
			isa = PBXGroup;
			children = (
				DEB6445A1FD8B8BC009C7948 /* TransactionModel+CoreDataClass.swift */,
				DEB6445B1FD8B8BC009C7948 /* TransactionModel+CoreDataProperties.swift */,
				DEB644571FD8B7A7009C7948 /* TransactionDataModel.xcdatamodeld */,
				DE2F14931FB8F3C7001FFF11 /* Transaction.swift */,
			);
			path = Model;
			sourceTree = "<group>";
		};
		DE2F14921FB8F3AD001FFF11 /* Manager */ = {
			isa = PBXGroup;
			children = (
				DE6AE2C91FC648ED009B8409 /* ITransactionManagerSvc.swift */,
				DEB6445E1FD8B9D4009C7948 /* TransactionSvcCoreData.swift */,
			);
			path = Manager;
			sourceTree = "<group>";
		};
		DE4D85C31FB90F3E00EEB549 /* Controller */ = {
			isa = PBXGroup;
			children = (
				DE9F9FFF1FC0CB0D004A5D87 /* Transaction Detail */,
				DE179AF51FB9282E00597052 /* Add Transaction */,
				DE179AF41FB9280400597052 /* Transaction List */,
			);
			path = Controller;
			sourceTree = "<group>";
		};
		DE59805F1FD05E2C001A5CD1 /* Frameworks */ = {
			isa = PBXGroup;
			children = (
				DE5980601FD05E2C001A5CD1 /* libsqlite3.tbd */,
			);
			name = Frameworks;
			sourceTree = "<group>";
		};
		DE87089E1FBA6DD300F8D1BB /* View */ = {
			isa = PBXGroup;
			children = (
				DE2F14671FB8F31A001FFF11 /* Main.storyboard */,
			);
			path = View;
			sourceTree = "<group>";
		};
		DE9F9FFF1FC0CB0D004A5D87 /* Transaction Detail */ = {
			isa = PBXGroup;
			children = (
				DEC43BA81FBF932200DFC163 /* DetailViewController.swift */,
			);
			path = "Transaction Detail";
			sourceTree = "<group>";
		};
/* End PBXGroup section */

/* Begin PBXNativeTarget section */
		DE2F145F1FB8F31A001FFF11 /* MyBudget */ = {
			isa = PBXNativeTarget;
			buildConfigurationList = DE2F14881FB8F31A001FFF11 /* Build configuration list for PBXNativeTarget "MyBudget" */;
			buildPhases = (
				DE2F145C1FB8F31A001FFF11 /* Sources */,
				DE2F145D1FB8F31A001FFF11 /* Frameworks */,
				DE2F145E1FB8F31A001FFF11 /* Resources */,
			);
			buildRules = (
			);
			dependencies = (
			);
			name = MyBudget;
			productName = MyBudget;
			productReference = DE2F14601FB8F31A001FFF11 /* MyBudget.app */;
			productType = "com.apple.product-type.application";
		};
		DE2F14731FB8F31A001FFF11 /* MyBudgetTests */ = {
			isa = PBXNativeTarget;
			buildConfigurationList = DE2F148B1FB8F31A001FFF11 /* Build configuration list for PBXNativeTarget "MyBudgetTests" */;
			buildPhases = (
				DE2F14701FB8F31A001FFF11 /* Sources */,
				DE2F14711FB8F31A001FFF11 /* Frameworks */,
				DE2F14721FB8F31A001FFF11 /* Resources */,
			);
			buildRules = (
			);
			dependencies = (
				DE2F14761FB8F31A001FFF11 /* PBXTargetDependency */,
			);
			name = MyBudgetTests;
			productName = MyBudgetTests;
			productReference = DE2F14741FB8F31A001FFF11 /* MyBudgetTests.xctest */;
			productType = "com.apple.product-type.bundle.unit-test";
		};
		DE2F147E1FB8F31A001FFF11 /* MyBudgetUITests */ = {
			isa = PBXNativeTarget;
			buildConfigurationList = DE2F148E1FB8F31A001FFF11 /* Build configuration list for PBXNativeTarget "MyBudgetUITests" */;
			buildPhases = (
				DE2F147B1FB8F31A001FFF11 /* Sources */,
				DE2F147C1FB8F31A001FFF11 /* Frameworks */,
				DE2F147D1FB8F31A001FFF11 /* Resources */,
			);
			buildRules = (
			);
			dependencies = (
				DE2F14811FB8F31A001FFF11 /* PBXTargetDependency */,
			);
			name = MyBudgetUITests;
			productName = MyBudgetUITests;
			productReference = DE2F147F1FB8F31A001FFF11 /* MyBudgetUITests.xctest */;
			productType = "com.apple.product-type.bundle.ui-testing";
		};
/* End PBXNativeTarget section */

/* Begin PBXProject section */
		DE2F14581FB8F319001FFF11 /* Project object */ = {
			isa = PBXProject;
			attributes = {
				LastSwiftUpdateCheck = 0910;
				LastUpgradeCheck = 0910;
				ORGANIZATIONNAME = "Zachary Murphy";
				TargetAttributes = {
					DE2F145F1FB8F31A001FFF11 = {
						CreatedOnToolsVersion = 9.1;
						LastSwiftMigration = 0910;
						ProvisioningStyle = Automatic;
					};
					DE2F14731FB8F31A001FFF11 = {
						CreatedOnToolsVersion = 9.1;
						ProvisioningStyle = Automatic;
						TestTargetID = DE2F145F1FB8F31A001FFF11;
					};
					DE2F147E1FB8F31A001FFF11 = {
						CreatedOnToolsVersion = 9.1;
						ProvisioningStyle = Automatic;
						TestTargetID = DE2F145F1FB8F31A001FFF11;
					};
				};
			};
			buildConfigurationList = DE2F145B1FB8F319001FFF11 /* Build configuration list for PBXProject "MyBudget" */;
			compatibilityVersion = "Xcode 8.0";
			developmentRegion = en;
			hasScannedForEncodings = 0;
			knownRegions = (
				en,
				Base,
			);
			mainGroup = DE2F14571FB8F319001FFF11;
			productRefGroup = DE2F14611FB8F31A001FFF11 /* Products */;
			projectDirPath = "";
			projectRoot = "";
			targets = (
				DE2F145F1FB8F31A001FFF11 /* MyBudget */,
				DE2F14731FB8F31A001FFF11 /* MyBudgetTests */,
				DE2F147E1FB8F31A001FFF11 /* MyBudgetUITests */,
			);
		};
/* End PBXProject section */

/* Begin PBXResourcesBuildPhase section */
		DE2F145E1FB8F31A001FFF11 /* Resources */ = {
			isa = PBXResourcesBuildPhase;
			buildActionMask = 2147483647;
			files = (
				DE2F146E1FB8F31A001FFF11 /* LaunchScreen.storyboard in Resources */,
				DE2F146B1FB8F31A001FFF11 /* Assets.xcassets in Resources */,
				DE2F14691FB8F31A001FFF11 /* Main.storyboard in Resources */,
			);
			runOnlyForDeploymentPostprocessing = 0;
		};
		DE2F14721FB8F31A001FFF11 /* Resources */ = {
			isa = PBXResourcesBuildPhase;
			buildActionMask = 2147483647;
			files = (
			);
			runOnlyForDeploymentPostprocessing = 0;
		};
		DE2F147D1FB8F31A001FFF11 /* Resources */ = {
			isa = PBXResourcesBuildPhase;
			buildActionMask = 2147483647;
			files = (
			);
			runOnlyForDeploymentPostprocessing = 0;
		};
/* End PBXResourcesBuildPhase section */

/* Begin PBXSourcesBuildPhase section */
		DE2F145C1FB8F31A001FFF11 /* Sources */ = {
			isa = PBXSourcesBuildPhase;
			buildActionMask = 2147483647;
			files = (
				DE2F14941FB8F3C7001FFF11 /* Transaction.swift in Sources */,
				DEB6445D1FD8B8BC009C7948 /* TransactionModel+CoreDataProperties.swift in Sources */,
				DE2F14641FB8F31A001FFF11 /* AppDelegate.swift in Sources */,
				DE179AF71FB9286600597052 /* AddTransactionViewController.swift in Sources */,
				DEB644591FD8B7A7009C7948 /* TransactionDataModel.xcdatamodeld in Sources */,
				DE179AF91FB9680600597052 /* TableViewCell.swift in Sources */,
				DEB6445C1FD8B8BC009C7948 /* TransactionModel+CoreDataClass.swift in Sources */,
				DE6AE2CA1FC648ED009B8409 /* ITransactionManagerSvc.swift in Sources */,
				DE4D85C51FB90F5600EEB549 /* TranactionListTableViewController.swift in Sources */,
				DEB6445F1FD8B9D4009C7948 /* TransactionSvcCoreData.swift in Sources */,
				DEC43BA91FBF932200DFC163 /* DetailViewController.swift in Sources */,
			);
			runOnlyForDeploymentPostprocessing = 0;
		};
		DE2F14701FB8F31A001FFF11 /* Sources */ = {
			isa = PBXSourcesBuildPhase;
			buildActionMask = 2147483647;
			files = (
				DE2F14791FB8F31A001FFF11 /* MyBudgetTests.swift in Sources */,
				DE6D087C1FDC2AA1008421FD /* CodeDataTest.swift in Sources */,
			);
			runOnlyForDeploymentPostprocessing = 0;
		};
		DE2F147B1FB8F31A001FFF11 /* Sources */ = {
			isa = PBXSourcesBuildPhase;
			buildActionMask = 2147483647;
			files = (
				DE2F14841FB8F31A001FFF11 /* MyBudgetUITests.swift in Sources */,
			);
			runOnlyForDeploymentPostprocessing = 0;
		};
/* End PBXSourcesBuildPhase section */

/* Begin PBXTargetDependency section */
		DE2F14761FB8F31A001FFF11 /* PBXTargetDependency */ = {
			isa = PBXTargetDependency;
			target = DE2F145F1FB8F31A001FFF11 /* MyBudget */;
			targetProxy = DE2F14751FB8F31A001FFF11 /* PBXContainerItemProxy */;
		};
		DE2F14811FB8F31A001FFF11 /* PBXTargetDependency */ = {
			isa = PBXTargetDependency;
			target = DE2F145F1FB8F31A001FFF11 /* MyBudget */;
			targetProxy = DE2F14801FB8F31A001FFF11 /* PBXContainerItemProxy */;
		};
/* End PBXTargetDependency section */

/* Begin PBXVariantGroup section */
		DE2F14671FB8F31A001FFF11 /* Main.storyboard */ = {
			isa = PBXVariantGroup;
			children = (
				DE2F14681FB8F31A001FFF11 /* Base */,
			);
			name = Main.storyboard;
			sourceTree = "<group>";
		};
		DE2F146C1FB8F31A001FFF11 /* LaunchScreen.storyboard */ = {
			isa = PBXVariantGroup;
			children = (
				DE2F146D1FB8F31A001FFF11 /* Base */,
			);
			name = LaunchScreen.storyboard;
			sourceTree = "<group>";
		};
/* End PBXVariantGroup section */

/* Begin XCBuildConfiguration section */
		DE2F14861FB8F31A001FFF11 /* Debug */ = {
			isa = XCBuildConfiguration;
			buildSettings = {
				ALWAYS_SEARCH_USER_PATHS = NO;
				CLANG_ANALYZER_NONNULL = YES;
				CLANG_ANALYZER_NUMBER_OBJECT_CONVERSION = YES_AGGRESSIVE;
				CLANG_CXX_LANGUAGE_STANDARD = "gnu++14";
				CLANG_CXX_LIBRARY = "libc++";
				CLANG_ENABLE_MODULES = YES;
				CLANG_ENABLE_OBJC_ARC = YES;
				CLANG_WARN_BLOCK_CAPTURE_AUTORELEASING = YES;
				CLANG_WARN_BOOL_CONVERSION = YES;
				CLANG_WARN_COMMA = YES;
				CLANG_WARN_CONSTANT_CONVERSION = YES;
				CLANG_WARN_DIRECT_OBJC_ISA_USAGE = YES_ERROR;
				CLANG_WARN_DOCUMENTATION_COMMENTS = YES;
				CLANG_WARN_EMPTY_BODY = YES;
				CLANG_WARN_ENUM_CONVERSION = YES;
				CLANG_WARN_INFINITE_RECURSION = YES;
				CLANG_WARN_INT_CONVERSION = YES;
				CLANG_WARN_NON_LITERAL_NULL_CONVERSION = YES;
				CLANG_WARN_OBJC_LITERAL_CONVERSION = YES;
				CLANG_WARN_OBJC_ROOT_CLASS = YES_ERROR;
				CLANG_WARN_RANGE_LOOP_ANALYSIS = YES;
				CLANG_WARN_STRICT_PROTOTYPES = YES;
				CLANG_WARN_SUSPICIOUS_MOVE = YES;
				CLANG_WARN_UNGUARDED_AVAILABILITY = YES_AGGRESSIVE;
				CLANG_WARN_UNREACHABLE_CODE = YES;
				CLANG_WARN__DUPLICATE_METHOD_MATCH = YES;
				CODE_SIGN_IDENTITY = "iPhone Developer";
				COPY_PHASE_STRIP = NO;
				DEBUG_INFORMATION_FORMAT = dwarf;
				ENABLE_STRICT_OBJC_MSGSEND = YES;
				ENABLE_TESTABILITY = YES;
				GCC_C_LANGUAGE_STANDARD = gnu11;
				GCC_DYNAMIC_NO_PIC = NO;
				GCC_NO_COMMON_BLOCKS = YES;
				GCC_OPTIMIZATION_LEVEL = 0;
				GCC_PREPROCESSOR_DEFINITIONS = (
					"DEBUG=1",
					"$(inherited)",
				);
				GCC_WARN_64_TO_32_BIT_CONVERSION = YES;
				GCC_WARN_ABOUT_RETURN_TYPE = YES_ERROR;
				GCC_WARN_UNDECLARED_SELECTOR = YES;
				GCC_WARN_UNINITIALIZED_AUTOS = YES_AGGRESSIVE;
				GCC_WARN_UNUSED_FUNCTION = YES;
				GCC_WARN_UNUSED_VARIABLE = YES;
				IPHONEOS_DEPLOYMENT_TARGET = 11.1;
				MTL_ENABLE_DEBUG_INFO = YES;
				ONLY_ACTIVE_ARCH = YES;
				SDKROOT = iphoneos;
				SWIFT_ACTIVE_COMPILATION_CONDITIONS = DEBUG;
				SWIFT_OPTIMIZATION_LEVEL = "-Onone";
			};
			name = Debug;
		};
		DE2F14871FB8F31A001FFF11 /* Release */ = {
			isa = XCBuildConfiguration;
			buildSettings = {
				ALWAYS_SEARCH_USER_PATHS = NO;
				CLANG_ANALYZER_NONNULL = YES;
				CLANG_ANALYZER_NUMBER_OBJECT_CONVERSION = YES_AGGRESSIVE;
				CLANG_CXX_LANGUAGE_STANDARD = "gnu++14";
				CLANG_CXX_LIBRARY = "libc++";
				CLANG_ENABLE_MODULES = YES;
				CLANG_ENABLE_OBJC_ARC = YES;
				CLANG_WARN_BLOCK_CAPTURE_AUTORELEASING = YES;
				CLANG_WARN_BOOL_CONVERSION = YES;
				CLANG_WARN_COMMA = YES;
				CLANG_WARN_CONSTANT_CONVERSION = YES;
				CLANG_WARN_DIRECT_OBJC_ISA_USAGE = YES_ERROR;
				CLANG_WARN_DOCUMENTATION_COMMENTS = YES;
				CLANG_WARN_EMPTY_BODY = YES;
				CLANG_WARN_ENUM_CONVERSION = YES;
				CLANG_WARN_INFINITE_RECURSION = YES;
				CLANG_WARN_INT_CONVERSION = YES;
				CLANG_WARN_NON_LITERAL_NULL_CONVERSION = YES;
				CLANG_WARN_OBJC_LITERAL_CONVERSION = YES;
				CLANG_WARN_OBJC_ROOT_CLASS = YES_ERROR;
				CLANG_WARN_RANGE_LOOP_ANALYSIS = YES;
				CLANG_WARN_STRICT_PROTOTYPES = YES;
				CLANG_WARN_SUSPICIOUS_MOVE = YES;
				CLANG_WARN_UNGUARDED_AVAILABILITY = YES_AGGRESSIVE;
				CLANG_WARN_UNREACHABLE_CODE = YES;
				CLANG_WARN__DUPLICATE_METHOD_MATCH = YES;
				CODE_SIGN_IDENTITY = "iPhone Developer";
				COPY_PHASE_STRIP = NO;
				DEBUG_INFORMATION_FORMAT = "dwarf-with-dsym";
				ENABLE_NS_ASSERTIONS = NO;
				ENABLE_STRICT_OBJC_MSGSEND = YES;
				GCC_C_LANGUAGE_STANDARD = gnu11;
				GCC_NO_COMMON_BLOCKS = YES;
				GCC_WARN_64_TO_32_BIT_CONVERSION = YES;
				GCC_WARN_ABOUT_RETURN_TYPE = YES_ERROR;
				GCC_WARN_UNDECLARED_SELECTOR = YES;
				GCC_WARN_UNINITIALIZED_AUTOS = YES_AGGRESSIVE;
				GCC_WARN_UNUSED_FUNCTION = YES;
				GCC_WARN_UNUSED_VARIABLE = YES;
				IPHONEOS_DEPLOYMENT_TARGET = 11.1;
				MTL_ENABLE_DEBUG_INFO = NO;
				SDKROOT = iphoneos;
				SWIFT_OPTIMIZATION_LEVEL = "-Owholemodule";
				VALIDATE_PRODUCT = YES;
			};
			name = Release;
		};
		DE2F14891FB8F31A001FFF11 /* Debug */ = {
			isa = XCBuildConfiguration;
			buildSettings = {
				ASSETCATALOG_COMPILER_APPICON_NAME = AppIcon;
				CLANG_ENABLE_MODULES = YES;
				CODE_SIGN_STYLE = Automatic;
				DEVELOPMENT_TEAM = M6Q2AV78VP;
				INFOPLIST_FILE = MyBudget/Info.plist;
				IPHONEOS_DEPLOYMENT_TARGET = 11.1;
				LD_RUNPATH_SEARCH_PATHS = "$(inherited) @executable_path/Frameworks";
				PRODUCT_BUNDLE_IDENTIFIER = com.Murphy.MyBudget;
				PRODUCT_NAME = "$(TARGET_NAME)";
				STRIP_INSTALLED_PRODUCT = YES;
				SWIFT_OPTIMIZATION_LEVEL = "-Onone";
				SWIFT_VERSION = 4.0;
				TARGETED_DEVICE_FAMILY = "1,2";
			};
			name = Debug;
		};
		DE2F148A1FB8F31A001FFF11 /* Release */ = {
			isa = XCBuildConfiguration;
			buildSettings = {
				ASSETCATALOG_COMPILER_APPICON_NAME = AppIcon;
				CLANG_ENABLE_MODULES = YES;
				CODE_SIGN_STYLE = Automatic;
				DEVELOPMENT_TEAM = M6Q2AV78VP;
				INFOPLIST_FILE = MyBudget/Info.plist;
				IPHONEOS_DEPLOYMENT_TARGET = 11.1;
				LD_RUNPATH_SEARCH_PATHS = "$(inherited) @executable_path/Frameworks";
				PRODUCT_BUNDLE_IDENTIFIER = com.Murphy.MyBudget;
				PRODUCT_NAME = "$(TARGET_NAME)";
				STRIP_INSTALLED_PRODUCT = YES;
				SWIFT_VERSION = 4.0;
				TARGETED_DEVICE_FAMILY = "1,2";
			};
			name = Release;
		};
		DE2F148C1FB8F31A001FFF11 /* Debug */ = {
			isa = XCBuildConfiguration;
			buildSettings = {
				ALWAYS_EMBED_SWIFT_STANDARD_LIBRARIES = YES;
				BUNDLE_LOADER = "$(TEST_HOST)";
				CODE_SIGN_STYLE = Automatic;
				DEVELOPMENT_TEAM = M6Q2AV78VP;
				INFOPLIST_FILE = MyBudgetTests/Info.plist;
				LD_RUNPATH_SEARCH_PATHS = "$(inherited) @executable_path/Frameworks @loader_path/Frameworks";
				PRODUCT_BUNDLE_IDENTIFIER = com.Murphy.MyBudgetTests;
				PRODUCT_NAME = "$(TARGET_NAME)";
				SWIFT_VERSION = 4.0;
				TARGETED_DEVICE_FAMILY = "1,2";
				TEST_HOST = "$(BUILT_PRODUCTS_DIR)/MyBudget.app/MyBudget";
			};
			name = Debug;
		};
		DE2F148D1FB8F31A001FFF11 /* Release */ = {
			isa = XCBuildConfiguration;
			buildSettings = {
				ALWAYS_EMBED_SWIFT_STANDARD_LIBRARIES = YES;
				BUNDLE_LOADER = "$(TEST_HOST)";
				CODE_SIGN_STYLE = Automatic;
				DEVELOPMENT_TEAM = M6Q2AV78VP;
				INFOPLIST_FILE = MyBudgetTests/Info.plist;
				LD_RUNPATH_SEARCH_PATHS = "$(inherited) @executable_path/Frameworks @loader_path/Frameworks";
				PRODUCT_BUNDLE_IDENTIFIER = com.Murphy.MyBudgetTests;
				PRODUCT_NAME = "$(TARGET_NAME)";
				SWIFT_VERSION = 4.0;
				TARGETED_DEVICE_FAMILY = "1,2";
				TEST_HOST = "$(BUILT_PRODUCTS_DIR)/MyBudget.app/MyBudget";
			};
			name = Release;
		};
		DE2F148F1FB8F31A001FFF11 /* Debug */ = {
			isa = XCBuildConfiguration;
			buildSettings = {
				ALWAYS_EMBED_SWIFT_STANDARD_LIBRARIES = YES;
				CODE_SIGN_STYLE = Automatic;
				DEVELOPMENT_TEAM = M6Q2AV78VP;
				INFOPLIST_FILE = MyBudgetUITests/Info.plist;
				LD_RUNPATH_SEARCH_PATHS = "$(inherited) @executable_path/Frameworks @loader_path/Frameworks";
				PRODUCT_BUNDLE_IDENTIFIER = com.Murphy.MyBudgetUITests;
				PRODUCT_NAME = "$(TARGET_NAME)";
				SWIFT_VERSION = 4.0;
				TARGETED_DEVICE_FAMILY = "1,2";
				TEST_TARGET_NAME = MyBudget;
			};
			name = Debug;
		};
		DE2F14901FB8F31A001FFF11 /* Release */ = {
			isa = XCBuildConfiguration;
			buildSettings = {
				ALWAYS_EMBED_SWIFT_STANDARD_LIBRARIES = YES;
				CODE_SIGN_STYLE = Automatic;
				DEVELOPMENT_TEAM = M6Q2AV78VP;
				INFOPLIST_FILE = MyBudgetUITests/Info.plist;
				LD_RUNPATH_SEARCH_PATHS = "$(inherited) @executable_path/Frameworks @loader_path/Frameworks";
				PRODUCT_BUNDLE_IDENTIFIER = com.Murphy.MyBudgetUITests;
				PRODUCT_NAME = "$(TARGET_NAME)";
				SWIFT_VERSION = 4.0;
				TARGETED_DEVICE_FAMILY = "1,2";
				TEST_TARGET_NAME = MyBudget;
			};
			name = Release;
		};
/* End XCBuildConfiguration section */

/* Begin XCConfigurationList section */
		DE2F145B1FB8F319001FFF11 /* Build configuration list for PBXProject "MyBudget" */ = {
			isa = XCConfigurationList;
			buildConfigurations = (
				DE2F14861FB8F31A001FFF11 /* Debug */,
				DE2F14871FB8F31A001FFF11 /* Release */,
			);
			defaultConfigurationIsVisible = 0;
			defaultConfigurationName = Release;
		};
		DE2F14881FB8F31A001FFF11 /* Build configuration list for PBXNativeTarget "MyBudget" */ = {
			isa = XCConfigurationList;
			buildConfigurations = (
				DE2F14891FB8F31A001FFF11 /* Debug */,
				DE2F148A1FB8F31A001FFF11 /* Release */,
			);
			defaultConfigurationIsVisible = 0;
			defaultConfigurationName = Release;
		};
		DE2F148B1FB8F31A001FFF11 /* Build configuration list for PBXNativeTarget "MyBudgetTests" */ = {
			isa = XCConfigurationList;
			buildConfigurations = (
				DE2F148C1FB8F31A001FFF11 /* Debug */,
				DE2F148D1FB8F31A001FFF11 /* Release */,
			);
			defaultConfigurationIsVisible = 0;
			defaultConfigurationName = Release;
		};
		DE2F148E1FB8F31A001FFF11 /* Build configuration list for PBXNativeTarget "MyBudgetUITests" */ = {
			isa = XCConfigurationList;
			buildConfigurations = (
				DE2F148F1FB8F31A001FFF11 /* Debug */,
				DE2F14901FB8F31A001FFF11 /* Release */,
			);
			defaultConfigurationIsVisible = 0;
			defaultConfigurationName = Release;
		};
/* End XCConfigurationList section */

/* Begin XCVersionGroup section */
		DEB644571FD8B7A7009C7948 /* TransactionDataModel.xcdatamodeld */ = {
			isa = XCVersionGroup;
			children = (
				DEB644581FD8B7A7009C7948 /* TransactionDataModel.xcdatamodel */,
			);
			currentVersion = DEB644581FD8B7A7009C7948 /* TransactionDataModel.xcdatamodel */;
			path = TransactionDataModel.xcdatamodeld;
			sourceTree = "<group>";
			versionGroupType = wrapper.xcdatamodel;
		};
/* End XCVersionGroup section */
	};
	rootObject = DE2F14581FB8F319001FFF11 /* Project object */;
}
